Microsoft Visual Studio Solution File, Format Version 12.00
# Visual Studio Version 17
VisualStudioVersion = 17.13.35617.110
MinimumVisualStudioVersion = 10.0.40219.1
Project("{FAE04EC0-301F-11D3-BF4B-00C04F79EFBC}") = "EcommerceApp.Domain", "EcommerceApp.Domain\EcommerceApp.Domain.csproj", "{2B07B465-D389-451C-A130-B692851A8C81}"
EndProject
Project("{FAE04EC0-301F-11D3-BF4B-00C04F79EFBC}") = "EcommerceApp.Application", "EcommerceApp.Application\EcommerceApp.Application.csproj", "{C7BB39CA-F213-4905-9531-458CB7D34162}"
EndProject
Project("{FAE04EC0-301F-11D3-BF4B-00C04F79EFBC}") = "EcommerceApp.Infrastructure", "EcommerceApp.Infrastructure\EcommerceApp.Infrastructure.csproj", "{B141442C-26EE-4FD5-8365-64E940DFC285}"
EndProject
Project("{FAE04EC0-301F-11D3-BF4B-00C04F79EFBC}") = "EcommerceApp.Web", "EcommerceApp.Web\EcommerceApp.Web.csproj", "{90FEB3DB-AD17-4716-8130-98148697B9CD}"
EndProject
Global
	GlobalSection(SolutionConfigurationPlatforms) = preSolution
		Debug|Any CPU = Debug|Any CPU
		Release|Any CPU = Release|Any CPU
	EndGlobalSection
	GlobalSection(ProjectConfigurationPlatforms) = postSolution
		{2B07B465-D389-451C-A130-B692851A8C81}.Debug|Any CPU.ActiveCfg = Debug|Any CPU
		{2B07B465-D389-451C-A130-B692851A8C81}.Debug|Any CPU.Build.0 = Debug|Any CPU
		{2B07B465-D389-451C-A130-B692851A8C81}.Release|Any CPU.ActiveCfg = Release|Any CPU
		{2B07B465-D389-451C-A130-B692851A8C81}.Release|Any CPU.Build.0 = Release|Any CPU
		{C7BB39CA-F213-4905-9531-458CB7D34162}.Debug|Any CPU.ActiveCfg = Debug|Any CPU
		{C7BB39CA-F213-4905-9531-458CB7D34162}.Debug|Any CPU.Build.0 = Debug|Any CPU
		{C7BB39CA-F213-4905-9531-458CB7D34162}.Release|Any CPU.ActiveCfg = Release|Any CPU
		{C7BB39CA-F213-4905-9531-458CB7D34162}.Release|Any CPU.Build.0 = Release|Any CPU
		{B141442C-26EE-4FD5-8365-64E940DFC285}.Debug|Any CPU.ActiveCfg = Debug|Any CPU
		{B141442C-26EE-4FD5-8365-64E940DFC285}.Debug|Any CPU.Build.0 = Debug|Any CPU
		{B141442C-26EE-4FD5-8365-64E940DFC285}.Release|Any CPU.ActiveCfg = Release|Any CPU
		{B141442C-26EE-4FD5-8365-64E940DFC285}.Release|Any CPU.Build.0 = Release|Any CPU
		{90FEB3DB-AD17-4716-8130-98148697B9CD}.Debug|Any CPU.ActiveCfg = Debug|Any CPU
		{90FEB3DB-AD17-4716-8130-98148697B9CD}.Debug|Any CPU.Build.0 = Debug|Any CPU
		{90FEB3DB-AD17-4716-8130-98148697B9CD}.Release|Any CPU.ActiveCfg = Release|Any CPU
		{90FEB3DB-AD17-4716-8130-98148697B9CD}.Release|Any CPU.Build.0 = Release|Any CPU
	EndGlobalSection
	GlobalSection(SolutionProperties) = preSolution
		HideSolutionNode = FALSE
	EndGlobalSection
	GlobalSection(ExtensibilityGlobals) = postSolution
		SolutionGuid = {0A3588DA-ECFE-4D82-ABDE-AD0797188F3B}
	EndGlobalSection
EndGlobal
